
Microsoft Visual Studio Solution File, Format Version 12.00
# Visual Studio Version 17
VisualStudioVersion = 17.2.32630.192
MinimumVisualStudioVersion = 10.0.40219.1
Project("{9A19103F-16F7-4668-BE54-9A1E7A4F7556}") = "WebTesting.Backend", "WebTesting.Backend\WebTesting.Backend.csproj", "{CF8DBD2A-4D1E-4D3B-A72E-7056F567294D}"
EndProject
Project("{9A19103F-16F7-4668-BE54-9A1E7A4F7556}") = "WebTesting.BL", "WebTesting.BL\WebTesting.BL.csproj", "{2C8AFB32-00D5-4FCC-A455-EF07822D24BC}"
EndProject
Project("{9A19103F-16F7-4668-BE54-9A1E7A4F7556}") = "WebTesting.Domain", "WebTesting.Domain\WebTesting.Domain.csproj", "{3F7B9D69-F89D-40A3-91AD-15EF07295A50}"
EndProject
Global
	GlobalSection(SolutionConfigurationPlatforms) = preSolution
		Debug|Any CPU = Debug|Any CPU
		Release|Any CPU = Release|Any CPU
	EndGlobalSection
	GlobalSection(ProjectConfigurationPlatforms) = postSolution
		{CF8DBD2A-4D1E-4D3B-A72E-7056F567294D}.Debug|Any CPU.ActiveCfg = Debug|Any CPU
		{CF8DBD2A-4D1E-4D3B-A72E-7056F567294D}.Debug|Any CPU.Build.0 = Debug|Any CPU
		{CF8DBD2A-4D1E-4D3B-A72E-7056F567294D}.Release|Any CPU.ActiveCfg = Release|Any CPU
		{CF8DBD2A-4D1E-4D3B-A72E-7056F567294D}.Release|Any CPU.Build.0 = Release|Any CPU
		{2C8AFB32-00D5-4FCC-A455-EF07822D24BC}.Debug|Any CPU.ActiveCfg = Debug|Any CPU
		{2C8AFB32-00D5-4FCC-A455-EF07822D24BC}.Debug|Any CPU.Build.0 = Debug|Any CPU
		{2C8AFB32-00D5-4FCC-A455-EF07822D24BC}.Release|Any CPU.ActiveCfg = Release|Any CPU
		{2C8AFB32-00D5-4FCC-A455-EF07822D24BC}.Release|Any CPU.Build.0 = Release|Any CPU
		{3F7B9D69-F89D-40A3-91AD-15EF07295A50}.Debug|Any CPU.ActiveCfg = Debug|Any CPU
		{3F7B9D69-F89D-40A3-91AD-15EF07295A50}.Debug|Any CPU.Build.0 = Debug|Any CPU
		{3F7B9D69-F89D-40A3-91AD-15EF07295A50}.Release|Any CPU.ActiveCfg = Release|Any CPU
		{3F7B9D69-F89D-40A3-91AD-15EF07295A50}.Release|Any CPU.Build.0 = Release|Any CPU
	EndGlobalSection
	GlobalSection(SolutionProperties) = preSolution
		HideSolutionNode = FALSE
	EndGlobalSection
	GlobalSection(ExtensibilityGlobals) = postSolution
		SolutionGuid = {078AD6C0-A59F-42FB-B9DB-C8CD03F0D193}
	EndGlobalSection
EndGlobal
